{
  "name": "gblocks",
  "version": "0.1.0",
  "lockfileVersion": 3,
  "requires": true,
  "packages": {
    "": {
      "name": "gblocks",
      "version": "0.1.0",
      "license": "MIT",
      "dependencies": {
        "@types/webgl2": "^0.0.11"
      },
      "devDependencies": {
        "@webgpu/types": "^0.1.43",
        "typescript": "^5.5.3"
      }
    },
    "node_modules/@types/webgl2": {
      "version": "0.0.11",
      "resolved": "https://registry.npmjs.org/@types/webgl2/-/webgl2-0.0.11.tgz",
      "integrity": "sha512-LFa4je4lUbqDVRNeC2W1ZRM8dOgsGsm23MZO7m/EllCVg07yB65W3eUF4MAM+0LU9X6x/0NTrvXxAW0pmipNdw=="
    },
    "node_modules/@webgpu/types": {
      "version": "0.1.43",
      "resolved": "https://registry.npmjs.org/@webgpu/types/-/types-0.1.43.tgz",
      "integrity": "sha512-HoP+d+m+Kuq8CsE63BZ3+BYBKAemrqbHUNrCalxrUju5XW+q/094Q3oeIa+2pTraEbO8ckJmGpibzyGT4OV4YQ==",
      "dev": true
    },
    "node_modules/typescript": {
      "version": "5.5.3",
      "resolved": "https://registry.npmjs.org/typescript/-/typescript-5.5.3.tgz",
      "integrity": "sha512-/hreyEujaB0w76zKo6717l3L0o/qEUtRgdvUBvlkhoWeOVMjMuHNHk0BRBzikzuGDqNmPQbg5ifMEqsHLiIUcQ==",
      "dev": true,
      "bin": {
        "tsc": "bin/tsc",
        "tsserver": "bin/tsserver"
      },
      "engines": {
        "node": ">=14.17"
      }
    }
  }
}
